{
  "name": "pixoo-display",
  "version": "1.0.0",
  "lockfileVersion": 2,
  "requires": true,
  "packages": {
    "": {
      "name": "pixoo-display",
      "version": "1.0.0",
      "dependencies": {
        "bluetooth-serial-port": "^2.2.7",
        "decode-gif": "^1.0.1"
      }
    },
    "node_modules/@types/node": {
      "version": "14.14.41",
      "resolved": "https://registry.npmjs.org/@types/node/-/node-14.14.41.tgz",
      "integrity": "sha512-dueRKfaJL4RTtSa7bWeTK1M+VH+Gns73oCgzvYfHZywRCoPSd8EkXBL0mZ9unPTveBn+D9phZBaxuzpwjWkW0g==",
      "optional": true
    },
    "node_modules/array-range": {
      "version": "1.0.1",
      "resolved": "https://registry.npmjs.org/array-range/-/array-range-1.0.1.tgz",
      "integrity": "sha1-9W5GWRhDYRxqVvd+8C7afFAIm/w="
    },
    "node_modules/bindings": {
      "version": "1.5.0",
      "resolved": "https://registry.npmjs.org/bindings/-/bindings-1.5.0.tgz",
      "integrity": "sha512-p2q/t/mhvuOj/UeLlV6566GD/guowlr0hHxClI0W9m7MWYkL1F0hLo+0Aexs9HSPCtR1SXQ0TD3MMKrXZajbiQ==",
      "dependencies": {
        "file-uri-to-path": "1.0.0"
      }
    },
    "node_modules/bluetooth-serial-port": {
      "version": "2.2.7",
      "resolved": "git+ssh://git@github.com/tinyprinter/node-bluetooth-serial-port.git#9e431d31fdd6d08f013fd8fe1341feb7b2a5418b",
      "hasInstallScript": true,
      "license": "MIT",
      "os": [
        "darwin",
        "linux",
        "win32"
      ],
      "dependencies": {
        "bindings": "1.5.0",
        "nan": "latest",
        "stable": "^0.1.8"
      },
      "engines": {
        "node": ">= 10.x",
        "npm": ">= 1.1.x"
      },
      "optionalDependencies": {
        "@types/node": "^14.0.5"
      }
    },
    "node_modules/decode-gif": {
      "version": "1.0.1",
      "resolved": "https://registry.npmjs.org/decode-gif/-/decode-gif-1.0.1.tgz",
      "integrity": "sha512-L0MT527mwlkil9TiN1xwnJXzUxCup55bUT91CPmQlc9zYejXJ8xp17d5EVnwM80JOIGImBUk1ptJQ+hDihyzwg==",
      "dependencies": {
        "array-range": "^1.0.1",
        "omggif": "^1.0.10"
      },
      "engines": {
        "node": ">=10"
      }
    },
    "node_modules/file-uri-to-path": {
      "version": "1.0.0",
      "resolved": "https://registry.npmjs.org/file-uri-to-path/-/file-uri-to-path-1.0.0.tgz",
      "integrity": "sha512-0Zt+s3L7Vf1biwWZ29aARiVYLx7iMGnEUl9x33fbB/j3jR81u/O2LbqK+Bm1CDSNDKVtJ/YjwY7TUd5SkeLQLw=="
    },
    "node_modules/nan": {
      "version": "2.14.2",
      "resolved": "https://registry.npmjs.org/nan/-/nan-2.14.2.tgz",
      "integrity": "sha512-M2ufzIiINKCuDfBSAUr1vWQ+vuVcA9kqx8JJUsbQi6yf1uGRyb7HfpdfUr5qLXf3B/t8dPvcjhKMmlfnP47EzQ=="
    },
    "node_modules/omggif": {
      "version": "1.0.10",
      "resolved": "https://registry.npmjs.org/omggif/-/omggif-1.0.10.tgz",
      "integrity": "sha512-LMJTtvgc/nugXj0Vcrrs68Mn2D1r0zf630VNtqtpI1FEO7e+O9FP4gqs9AcnBaSEeoHIPm28u6qgPR0oyEpGSw=="
    },
    "node_modules/stable": {
      "version": "0.1.8",
      "resolved": "https://registry.npmjs.org/stable/-/stable-0.1.8.tgz",
      "integrity": "sha512-ji9qxRnOVfcuLDySj9qzhGSEFVobyt1kIOSkj1qZzYLzq7Tos/oUUWvotUPQLlrsidqsK6tBH89Bc9kL5zHA6w=="
    }
  },
  "dependencies": {
    "@types/node": {
      "version": "14.14.41",
      "resolved": "https://registry.npmjs.org/@types/node/-/node-14.14.41.tgz",
      "integrity": "sha512-dueRKfaJL4RTtSa7bWeTK1M+VH+Gns73oCgzvYfHZywRCoPSd8EkXBL0mZ9unPTveBn+D9phZBaxuzpwjWkW0g==",
      "optional": true
    },
    "array-range": {
      "version": "1.0.1",
      "resolved": "https://registry.npmjs.org/array-range/-/array-range-1.0.1.tgz",
      "integrity": "sha1-9W5GWRhDYRxqVvd+8C7afFAIm/w="
    },
    "bindings": {
      "version": "1.5.0",
      "resolved": "https://registry.npmjs.org/bindings/-/bindings-1.5.0.tgz",
      "integrity": "sha512-p2q/t/mhvuOj/UeLlV6566GD/guowlr0hHxClI0W9m7MWYkL1F0hLo+0Aexs9HSPCtR1SXQ0TD3MMKrXZajbiQ==",
      "requires": {
        "file-uri-to-path": "1.0.0"
      }
    },
    "bluetooth-serial-port": {
      "version": "git+ssh://git@github.com/tinyprinter/node-bluetooth-serial-port.git#9e431d31fdd6d08f013fd8fe1341feb7b2a5418b",
      "from": "bluetooth-serial-port@^2.2.7",
      "requires": {
        "@types/node": "^14.0.5",
        "bindings": "1.5.0",
        "nan": "latest",
        "stable": "^0.1.8"
      }
    },
    "decode-gif": {
      "version": "1.0.1",
      "resolved": "https://registry.npmjs.org/decode-gif/-/decode-gif-1.0.1.tgz",
      "integrity": "sha512-L0MT527mwlkil9TiN1xwnJXzUxCup55bUT91CPmQlc9zYejXJ8xp17d5EVnwM80JOIGImBUk1ptJQ+hDihyzwg==",
      "requires": {
        "array-range": "^1.0.1",
        "omggif": "^1.0.10"
      }
    },
    "file-uri-to-path": {
      "version": "1.0.0",
      "resolved": "https://registry.npmjs.org/file-uri-to-path/-/file-uri-to-path-1.0.0.tgz",
      "integrity": "sha512-0Zt+s3L7Vf1biwWZ29aARiVYLx7iMGnEUl9x33fbB/j3jR81u/O2LbqK+Bm1CDSNDKVtJ/YjwY7TUd5SkeLQLw=="
    },
    "nan": {
      "version": "2.14.2",
      "resolved": "https://registry.npmjs.org/nan/-/nan-2.14.2.tgz",
      "integrity": "sha512-M2ufzIiINKCuDfBSAUr1vWQ+vuVcA9kqx8JJUsbQi6yf1uGRyb7HfpdfUr5qLXf3B/t8dPvcjhKMmlfnP47EzQ=="
    },
    "omggif": {
      "version": "1.0.10",
      "resolved": "https://registry.npmjs.org/omggif/-/omggif-1.0.10.tgz",
      "integrity": "sha512-LMJTtvgc/nugXj0Vcrrs68Mn2D1r0zf630VNtqtpI1FEO7e+O9FP4gqs9AcnBaSEeoHIPm28u6qgPR0oyEpGSw=="
    },
    "stable": {
      "version": "0.1.8",
      "resolved": "https://registry.npmjs.org/stable/-/stable-0.1.8.tgz",
      "integrity": "sha512-ji9qxRnOVfcuLDySj9qzhGSEFVobyt1kIOSkj1qZzYLzq7Tos/oUUWvotUPQLlrsidqsK6tBH89Bc9kL5zHA6w=="
    }
  }
}
